// !$*UTF8*$!
{
	archiveVersion = 1;
	classes = {
	};
	objectVersion = 46;
	objects = {

/* Begin PBXBuildFile section */
		6B65B0651EF0E3E600A71BEB /* AppDelegate.swift in Sources */ = {isa = PBXBuildFile; fileRef = 6B65B0641EF0E3E600A71BEB /* AppDelegate.swift */; };
		6B65B06A1EF0E3E600A71BEB /* Main.storyboard in Resources */ = {isa = PBXBuildFile; fileRef = 6B65B0681EF0E3E600A71BEB /* Main.storyboard */; };
		6B65B06C1EF0E3E600A71BEB /* Assets.xcassets in Resources */ = {isa = PBXBuildFile; fileRef = 6B65B06B1EF0E3E600A71BEB /* Assets.xcassets */; };
		6B65B06F1EF0E3E600A71BEB /* LaunchScreen.storyboard in Resources */ = {isa = PBXBuildFile; fileRef = 6B65B06D1EF0E3E600A71BEB /* LaunchScreen.storyboard */; };
		6B65B07A1EF0E49A00A71BEB /* Status.swift in Sources */ = {isa = PBXBuildFile; fileRef = 6B65B0791EF0E49A00A71BEB /* Status.swift */; };
/* End PBXBuildFile section */

/* Begin PBXFileReference section */
		6B65B0611EF0E3E600A71BEB /* EthosMonitor.app */ = {isa = PBXFileReference; explicitFileType = wrapper.application; includeInIndex = 0; path = EthosMonitor.app; sourceTree = BUILT_PRODUCTS_DIR; };
		6B65B0641EF0E3E600A71BEB /* AppDelegate.swift */ = {isa = PBXFileReference; lastKnownFileType = sourcecode.swift; path = AppDelegate.swift; sourceTree = "<group>"; };
		6B65B0691EF0E3E600A71BEB /* Base */ = {isa = PBXFileReference; lastKnownFileType = file.storyboard; name = Base; path = Base.lproj/Main.storyboard; sourceTree = "<group>"; };
		6B65B06B1EF0E3E600A71BEB /* Assets.xcassets */ = {isa = PBXFileReference; lastKnownFileType = folder.assetcatalog; path = Assets.xcassets; sourceTree = "<group>"; };
		6B65B06E1EF0E3E600A71BEB /* Base */ = {isa = PBXFileReference; lastKnownFileType = file.storyboard; name = Base; path = Base.lproj/LaunchScreen.storyboard; sourceTree = "<group>"; };
		6B65B0701EF0E3E600A71BEB /* Info.plist */ = {isa = PBXFileReference; lastKnownFileType = text.plist.xml; path = Info.plist; sourceTree = "<group>"; };
		6B65B0791EF0E49A00A71BEB /* Status.swift */ = {isa = PBXFileReference; fileEncoding = 4; lastKnownFileType = sourcecode.swift; path = Status.swift; sourceTree = "<group>"; };
/* End PBXFileReference section */

/* Begin PBXFrameworksBuildPhase section */
		6B65B05E1EF0E3E600A71BEB /* Frameworks */ = {
			isa = PBXFrameworksBuildPhase;
			buildActionMask = 2147483647;
			files = (
			);
			runOnlyForDeploymentPostprocessing = 0;
		};
/* End PBXFrameworksBuildPhase section */

/* Begin PBXGroup section */
		6B65B0581EF0E3E600A71BEB = {
			isa = PBXGroup;
			children = (
				6B65B0631EF0E3E600A71BEB /* EthosMonitor */,
				6B65B0621EF0E3E600A71BEB /* Products */,
			);
			sourceTree = "<group>";
		};
		6B65B0621EF0E3E600A71BEB /* Products */ = {
			isa = PBXGroup;
			children = (
				6B65B0611EF0E3E600A71BEB /* EthosMonitor.app */,
			);
			name = Products;
			sourceTree = "<group>";
		};
		6B65B0631EF0E3E600A71BEB /* EthosMonitor */ = {
			isa = PBXGroup;
			children = (
				6B65B0641EF0E3E600A71BEB /* AppDelegate.swift */,
				6B65B0781EF0E47E00A71BEB /* Model */,
				6B65B0771EF0E40D00A71BEB /* ViewControllers */,
				6B65B0761EF0E3F900A71BEB /* Resources */,
			);
			path = EthosMonitor;
			sourceTree = "<group>";
		};
		6B65B0761EF0E3F900A71BEB /* Resources */ = {
			isa = PBXGroup;
			children = (
				6B65B06B1EF0E3E600A71BEB /* Assets.xcassets */,
				6B65B06D1EF0E3E600A71BEB /* LaunchScreen.storyboard */,
				6B65B0701EF0E3E600A71BEB /* Info.plist */,
			);
			name = Resources;
			sourceTree = "<group>";
		};
		6B65B0771EF0E40D00A71BEB /* ViewControllers */ = {
			isa = PBXGroup;
			children = (
				6B65B0681EF0E3E600A71BEB /* Main.storyboard */,
			);
			name = ViewControllers;
			sourceTree = "<group>";
		};
		6B65B0781EF0E47E00A71BEB /* Model */ = {
			isa = PBXGroup;
			children = (
				6B65B0791EF0E49A00A71BEB /* Status.swift */,
			);
			name = Model;
			sourceTree = "<group>";
		};
/* End PBXGroup section */

/* Begin PBXNativeTarget section */
		6B65B0601EF0E3E600A71BEB /* EthosMonitor */ = {
			isa = PBXNativeTarget;
			buildConfigurationList = 6B65B0731EF0E3E600A71BEB /* Build configuration list for PBXNativeTarget "EthosMonitor" */;
			buildPhases = (
				6B65B05D1EF0E3E600A71BEB /* Sources */,
				6B65B05E1EF0E3E600A71BEB /* Frameworks */,
				6B65B05F1EF0E3E600A71BEB /* Resources */,
			);
			buildRules = (
			);
			dependencies = (
			);
			name = EthosMonitor;
			productName = EthosMonitor;
			productReference = 6B65B0611EF0E3E600A71BEB /* EthosMonitor.app */;
			productType = "com.apple.product-type.application";
		};
/* End PBXNativeTarget section */

/* Begin PBXProject section */
		6B65B0591EF0E3E600A71BEB /* Project object */ = {
			isa = PBXProject;
			attributes = {
				LastSwiftUpdateCheck = 0830;
				LastUpgradeCheck = 0830;
				ORGANIZATIONNAME = "Bradley Gilmore";
				TargetAttributes = {
					6B65B0601EF0E3E600A71BEB = {
						CreatedOnToolsVersion = 8.3.3;
						DevelopmentTeam = N8EMAYLL43;
						ProvisioningStyle = Automatic;
					};
				};
			};
			buildConfigurationList = 6B65B05C1EF0E3E600A71BEB /* Build configuration list for PBXProject "EthosMonitor" */;
			compatibilityVersion = "Xcode 3.2";
			developmentRegion = English;
			hasScannedForEncodings = 0;
			knownRegions = (
				en,
				Base,
			);
			mainGroup = 6B65B0581EF0E3E600A71BEB;
			productRefGroup = 6B65B0621EF0E3E600A71BEB /* Products */;
			projectDirPath = "";
			projectRoot = "";
			targets = (
				6B65B0601EF0E3E600A71BEB /* EthosMonitor */,
			);
		};
/* End PBXProject section */

/* Begin PBXResourcesBuildPhase section */
		6B65B05F1EF0E3E600A71BEB /* Resources */ = {
			isa = PBXResourcesBuildPhase;
			buildActionMask = 2147483647;
			files = (
				6B65B06F1EF0E3E600A71BEB /* LaunchScreen.storyboard in Resources */,
				6B65B06C1EF0E3E600A71BEB /* Assets.xcassets in Resources */,
				6B65B06A1EF0E3E600A71BEB /* Main.storyboard in Resources */,
			);
			runOnlyForDeploymentPostprocessing = 0;
		};
/* End PBXResourcesBuildPhase section */

/* Begin PBXSourcesBuildPhase section */
		6B65B05D1EF0E3E600A71BEB /* Sources */ = {
			isa = PBXSourcesBuildPhase;
			buildActionMask = 2147483647;
			files = (
				6B65B0651EF0E3E600A71BEB /* AppDelegate.swift in Sources */,
				6B65B07A1EF0E49A00A71BEB /* Status.swift in Sources */,
			);
			runOnlyForDeploymentPostprocessing = 0;
		};
/* End PBXSourcesBuildPhase section */

/* Begin PBXVariantGroup section */
		6B65B0681EF0E3E600A71BEB /* Main.storyboard */ = {
			isa = PBXVariantGroup;
			children = (
				6B65B0691EF0E3E600A71BEB /* Base */,
			);
			name = Main.storyboard;
			sourceTree = "<group>";
		};
		6B65B06D1EF0E3E600A71BEB /* LaunchScreen.storyboard */ = {
			isa = PBXVariantGroup;
			children = (
				6B65B06E1EF0E3E600A71BEB /* Base */,
			);
			name = LaunchScreen.storyboard;
			sourceTree = "<group>";
		};
/* End PBXVariantGroup section */

/* Begin XCBuildConfiguration section */
		6B65B0711EF0E3E600A71BEB /* Debug */ = {
			isa = XCBuildConfiguration;
			buildSettings = {
				ALWAYS_SEARCH_USER_PATHS = NO;
				CLANG_ANALYZER_NONNULL = YES;
				CLANG_ANALYZER_NUMBER_OBJECT_CONVERSION = YES_AGGRESSIVE;
				CLANG_CXX_LANGUAGE_STANDARD = "gnu++0x";
				CLANG_CXX_LIBRARY = "libc++";
				CLANG_ENABLE_MODULES = YES;
				CLANG_ENABLE_OBJC_ARC = YES;
				CLANG_WARN_BOOL_CONVERSION = YES;
				CLANG_WARN_CONSTANT_CONVERSION = YES;
				CLANG_WARN_DIRECT_OBJC_ISA_USAGE = YES_ERROR;
				CLANG_WARN_DOCUMENTATION_COMMENTS = YES;
				CLANG_WARN_EMPTY_BODY = YES;
				CLANG_WARN_ENUM_CONVERSION = YES;
				CLANG_WARN_INFINITE_RECURSION = YES;
				CLANG_WARN_INT_CONVERSION = YES;
				CLANG_WARN_OBJC_ROOT_CLASS = YES_ERROR;
				CLANG_WARN_SUSPICIOUS_MOVE = YES;
				CLANG_WARN_UNREACHABLE_CODE = YES;
				CLANG_WARN__DUPLICATE_METHOD_MATCH = YES;
				"CODE_SIGN_IDENTITY[sdk=iphoneos*]" = "iPhone Developer";
				COPY_PHASE_STRIP = NO;
				DEBUG_INFORMATION_FORMAT = dwarf;
				ENABLE_STRICT_OBJC_MSGSEND = YES;
				ENABLE_TESTABILITY = YES;
				GCC_C_LANGUAGE_STANDARD = gnu99;
				GCC_DYNAMIC_NO_PIC = NO;
				GCC_NO_COMMON_BLOCKS = YES;
				GCC_OPTIMIZATION_LEVEL = 0;
				GCC_PREPROCESSOR_DEFINITIONS = (
					"DEBUG=1",
					"$(inherited)",
				);
				GCC_WARN_64_TO_32_BIT_CONVERSION = YES;
				GCC_WARN_ABOUT_RETURN_TYPE = YES_ERROR;
				GCC_WARN_UNDECLARED_SELECTOR = YES;
				GCC_WARN_UNINITIALIZED_AUTOS = YES_AGGRESSIVE;
				GCC_WARN_UNUSED_FUNCTION = YES;
				GCC_WARN_UNUSED_VARIABLE = YES;
				IPHONEOS_DEPLOYMENT_TARGET = 10.3;
				MTL_ENABLE_DEBUG_INFO = YES;
				ONLY_ACTIVE_ARCH = YES;
				SDKROOT = iphoneos;
				SWIFT_ACTIVE_COMPILATION_CONDITIONS = DEBUG;
				SWIFT_OPTIMIZATION_LEVEL = "-Onone";
			};
			name = Debug;
		};
		6B65B0721EF0E3E600A71BEB /* Release */ = {
			isa = XCBuildConfiguration;
			buildSettings = {
				ALWAYS_SEARCH_USER_PATHS = NO;
				CLANG_ANALYZER_NONNULL = YES;
				CLANG_ANALYZER_NUMBER_OBJECT_CONVERSION = YES_AGGRESSIVE;
				CLANG_CXX_LANGUAGE_STANDARD = "gnu++0x";
				CLANG_CXX_LIBRARY = "libc++";
				CLANG_ENABLE_MODULES = YES;
				CLANG_ENABLE_OBJC_ARC = YES;
				CLANG_WARN_BOOL_CONVERSION = YES;
				CLANG_WARN_CONSTANT_CONVERSION = YES;
				CLANG_WARN_DIRECT_OBJC_ISA_USAGE = YES_ERROR;
				CLANG_WARN_DOCUMENTATION_COMMENTS = YES;
				CLANG_WARN_EMPTY_BODY = YES;
				CLANG_WARN_ENUM_CONVERSION = YES;
				CLANG_WARN_INFINITE_RECURSION = YES;
				CLANG_WARN_INT_CONVERSION = YES;
				CLANG_WARN_OBJC_ROOT_CLASS = YES_ERROR;
				CLANG_WARN_SUSPICIOUS_MOVE = YES;
				CLANG_WARN_UNREACHABLE_CODE = YES;
				CLANG_WARN__DUPLICATE_METHOD_MATCH = YES;
				"CODE_SIGN_IDENTITY[sdk=iphoneos*]" = "iPhone Developer";
				COPY_PHASE_STRIP = NO;
				DEBUG_INFORMATION_FORMAT = "dwarf-with-dsym";
				ENABLE_NS_ASSERTIONS = NO;
				ENABLE_STRICT_OBJC_MSGSEND = YES;
				GCC_C_LANGUAGE_STANDARD = gnu99;
				GCC_NO_COMMON_BLOCKS = YES;
				GCC_WARN_64_TO_32_BIT_CONVERSION = YES;
				GCC_WARN_ABOUT_RETURN_TYPE = YES_ERROR;
				GCC_WARN_UNDECLARED_SELECTOR = YES;
				GCC_WARN_UNINITIALIZED_AUTOS = YES_AGGRESSIVE;
				GCC_WARN_UNUSED_FUNCTION = YES;
				GCC_WARN_UNUSED_VARIABLE = YES;
				IPHONEOS_DEPLOYMENT_TARGET = 10.3;
				MTL_ENABLE_DEBUG_INFO = NO;
				SDKROOT = iphoneos;
				SWIFT_OPTIMIZATION_LEVEL = "-Owholemodule";
				VALIDATE_PRODUCT = YES;
			};
			name = Release;
		};
		6B65B0741EF0E3E600A71BEB /* Debug */ = {
			isa = XCBuildConfiguration;
			buildSettings = {
				ASSETCATALOG_COMPILER_APPICON_NAME = AppIcon;
				DEVELOPMENT_TEAM = N8EMAYLL43;
				INFOPLIST_FILE = EthosMonitor/Info.plist;
				LD_RUNPATH_SEARCH_PATHS = "$(inherited) @executable_path/Frameworks";
				PRODUCT_BUNDLE_IDENTIFIER = com.bradleygilmore.EthosMonitor;
				PRODUCT_NAME = "$(TARGET_NAME)";
				SWIFT_VERSION = 3.0;
			};
			name = Debug;
		};
		6B65B0751EF0E3E600A71BEB /* Release */ = {
			isa = XCBuildConfiguration;
			buildSettings = {
				ASSETCATALOG_COMPILER_APPICON_NAME = AppIcon;
				DEVELOPMENT_TEAM = N8EMAYLL43;
				INFOPLIST_FILE = EthosMonitor/Info.plist;
				LD_RUNPATH_SEARCH_PATHS = "$(inherited) @executable_path/Frameworks";
				PRODUCT_BUNDLE_IDENTIFIER = com.bradleygilmore.EthosMonitor;
				PRODUCT_NAME = "$(TARGET_NAME)";
				SWIFT_VERSION = 3.0;
			};
			name = Release;
		};
/* End XCBuildConfiguration section */

/* Begin XCConfigurationList section */
		6B65B05C1EF0E3E600A71BEB /* Build configuration list for PBXProject "EthosMonitor" */ = {
			isa = XCConfigurationList;
			buildConfigurations = (
				6B65B0711EF0E3E600A71BEB /* Debug */,
				6B65B0721EF0E3E600A71BEB /* Release */,
			);
			defaultConfigurationIsVisible = 0;
			defaultConfigurationName = Release;
		};
		6B65B0731EF0E3E600A71BEB /* Build configuration list for PBXNativeTarget "EthosMonitor" */ = {
			isa = XCConfigurationList;
			buildConfigurations = (
				6B65B0741EF0E3E600A71BEB /* Debug */,
				6B65B0751EF0E3E600A71BEB /* Release */,
			);
			defaultConfigurationIsVisible = 0;
		};
/* End XCConfigurationList section */
	};
	rootObject = 6B65B0591EF0E3E600A71BEB /* Project object */;
}
